
Microsoft Visual Studio Solution File, Format Version 12.00
# Visual Studio Version 17
VisualStudioVersion = 17.4.33213.308
MinimumVisualStudioVersion = 10.0.40219.1
Project("{2150E333-8FDC-42A3-9474-1A3956D46DE8}") = "_", "_", "{2362ABFF-E032-41A9-94A9-A630111A668E}"
	ProjectSection(SolutionItems) = preProject
		ReadMe.txt = ReadMe.txt
	EndProjectSection
EndProject
Project("{2150E333-8FDC-42A3-9474-1A3956D46DE8}") = "00", "00", "{33F48B26-638D-4277-AC1C-238FCAE942D9}"
EndProject
Project("{2150E333-8FDC-42A3-9474-1A3956D46DE8}") = "01", "01", "{54C66DA6-E87B-464E-A442-C7775569AFF1}"
EndProject
Project("{2150E333-8FDC-42A3-9474-1A3956D46DE8}") = "02", "02", "{BCE96111-5930-4C1D-91D4-F2C3BDFD31DE}"
EndProject
Project("{2150E333-8FDC-42A3-9474-1A3956D46DE8}") = "03", "03", "{2D0FCC3D-81F4-4053-BDE5-DD5F1007A350}"
EndProject
Project("{2150E333-8FDC-42A3-9474-1A3956D46DE8}") = "04", "04", "{02312758-AFF8-4503-834F-9E676D29CB07}"
EndProject
Project("{2150E333-8FDC-42A3-9474-1A3956D46DE8}") = "05", "05", "{BCA60B39-E516-43FD-AE76-4637F835F690}"
EndProject
Project("{2150E333-8FDC-42A3-9474-1A3956D46DE8}") = "06", "06", "{D11DA594-8888-4A89-8D5F-F103374735A7}"
EndProject
Project("{2150E333-8FDC-42A3-9474-1A3956D46DE8}") = "07", "07", "{5CDC30F0-CF56-46A1-8F7F-7BD7BA43E819}"
EndProject
Project("{2150E333-8FDC-42A3-9474-1A3956D46DE8}") = "08", "08", "{D1B70A76-C2DD-4DA5-89F2-6358B3151D10}"
EndProject
Project("{2150E333-8FDC-42A3-9474-1A3956D46DE8}") = "10", "10", "{FCCC151A-8A19-46F1-B54F-242EC0050DF5}"
EndProject
Project("{2150E333-8FDC-42A3-9474-1A3956D46DE8}") = "09", "09", "{4547651F-783E-4FC9-BEA3-7AE4E0EB1F46}"
EndProject
Project("{FAE04EC0-301F-11D3-BF4B-00C04F79EFBC}") = "Unicode", "Unicode\Unicode.csproj", "{6FFC59BD-AB2F-4549-AD6D-927B44CE3159}"
EndProject
Project("{FAE04EC0-301F-11D3-BF4B-00C04F79EFBC}") = "NepromjenjivostStringa", "NepromjenjivostStringa\NepromjenjivostStringa.csproj", "{73260FF9-B49A-4F9C-973D-23A860AE1A80}"
EndProject
Project("{FAE04EC0-301F-11D3-BF4B-00C04F79EFBC}") = "Funkcije", "Funkcije\Funkcije.csproj", "{3BE9553D-FEB2-45B9-99ED-203A31743C16}"
EndProject
Project("{FAE04EC0-301F-11D3-BF4B-00C04F79EFBC}") = "LeksičkeUsporedbe", "LeksičkeUsporedbe\LeksičkeUsporedbe.csproj", "{41B1BBDD-AE21-4D4B-9612-66F56F5BC760}"
EndProject
Project("{FAE04EC0-301F-11D3-BF4B-00C04F79EFBC}") = "PretvorbaStringaUBroj", "PretvorbaStringaUBroj\PretvorbaStringaUBroj.csproj", "{18A58757-5CA9-4256-9AD9-76AD79F11717}"
EndProject
Project("{FAE04EC0-301F-11D3-BF4B-00C04F79EFBC}") = "PretvorbaStringaUDatum", "PretvorbaStringaUDatum\PretvorbaStringaUDatum.csproj", "{2D15635D-AFFC-4091-9D88-921E589D42C5}"
EndProject
Project("{FAE04EC0-301F-11D3-BF4B-00C04F79EFBC}") = "KodiranjaTeksta", "KodiranjaTeksta\KodiranjaTeksta.csproj", "{D61E0928-B409-441D-B722-C8B0C0A737BC}"
EndProject
Project("{FAE04EC0-301F-11D3-BF4B-00C04F79EFBC}") = "LokalizacijaDijaloga", "LokalizacijaDijaloga\LokalizacijaDijaloga.csproj", "{48823B42-F413-4BAF-9CAB-B232B8C981A5}"
EndProject
Project("{FAE04EC0-301F-11D3-BF4B-00C04F79EFBC}") = "LokalizacijaTeksta", "LokalizacijaTeksta\LokalizacijaTeksta.csproj", "{716D8BBF-2DBE-4A76-B37C-9016838D5F17}"
EndProject
Project("{FAE04EC0-301F-11D3-BF4B-00C04F79EFBC}") = "StringBuilder", "StringBuilder\StringBuilder.csproj", "{B90BF304-1B12-4821-A363-66F3AB5B78A4}"
EndProject
Project("{FAE04EC0-301F-11D3-BF4B-00C04F79EFBC}") = "KodiranjeBase64", "KodiranjeBase64\KodiranjeBase64.csproj", "{91BE68DD-9222-44CA-A43E-79F54325B635}"
EndProject
Project("{FAE04EC0-301F-11D3-BF4B-00C04F79EFBC}") = "Testovi", "Testovi\Testovi.csproj", "{4FF1F3CB-9FBE-41F4-8A25-0C9CB4A25C09}"
EndProject
Global
	GlobalSection(SolutionConfigurationPlatforms) = preSolution
		Debug|Any CPU = Debug|Any CPU
		Release|Any CPU = Release|Any CPU
	EndGlobalSection
	GlobalSection(ProjectConfigurationPlatforms) = postSolution
		{6FFC59BD-AB2F-4549-AD6D-927B44CE3159}.Debug|Any CPU.ActiveCfg = Debug|Any CPU
		{6FFC59BD-AB2F-4549-AD6D-927B44CE3159}.Debug|Any CPU.Build.0 = Debug|Any CPU
		{6FFC59BD-AB2F-4549-AD6D-927B44CE3159}.Release|Any CPU.ActiveCfg = Release|Any CPU
		{6FFC59BD-AB2F-4549-AD6D-927B44CE3159}.Release|Any CPU.Build.0 = Release|Any CPU
		{73260FF9-B49A-4F9C-973D-23A860AE1A80}.Debug|Any CPU.ActiveCfg = Debug|Any CPU
		{73260FF9-B49A-4F9C-973D-23A860AE1A80}.Debug|Any CPU.Build.0 = Debug|Any CPU
		{73260FF9-B49A-4F9C-973D-23A860AE1A80}.Release|Any CPU.ActiveCfg = Release|Any CPU
		{73260FF9-B49A-4F9C-973D-23A860AE1A80}.Release|Any CPU.Build.0 = Release|Any CPU
		{3BE9553D-FEB2-45B9-99ED-203A31743C16}.Debug|Any CPU.ActiveCfg = Debug|Any CPU
		{3BE9553D-FEB2-45B9-99ED-203A31743C16}.Debug|Any CPU.Build.0 = Debug|Any CPU
		{3BE9553D-FEB2-45B9-99ED-203A31743C16}.Release|Any CPU.ActiveCfg = Release|Any CPU
		{3BE9553D-FEB2-45B9-99ED-203A31743C16}.Release|Any CPU.Build.0 = Release|Any CPU
		{41B1BBDD-AE21-4D4B-9612-66F56F5BC760}.Debug|Any CPU.ActiveCfg = Debug|Any CPU
		{41B1BBDD-AE21-4D4B-9612-66F56F5BC760}.Debug|Any CPU.Build.0 = Debug|Any CPU
		{41B1BBDD-AE21-4D4B-9612-66F56F5BC760}.Release|Any CPU.ActiveCfg = Release|Any CPU
		{41B1BBDD-AE21-4D4B-9612-66F56F5BC760}.Release|Any CPU.Build.0 = Release|Any CPU
		{18A58757-5CA9-4256-9AD9-76AD79F11717}.Debug|Any CPU.ActiveCfg = Debug|Any CPU
		{18A58757-5CA9-4256-9AD9-76AD79F11717}.Debug|Any CPU.Build.0 = Debug|Any CPU
		{18A58757-5CA9-4256-9AD9-76AD79F11717}.Release|Any CPU.ActiveCfg = Release|Any CPU
		{18A58757-5CA9-4256-9AD9-76AD79F11717}.Release|Any CPU.Build.0 = Release|Any CPU
		{2D15635D-AFFC-4091-9D88-921E589D42C5}.Debug|Any CPU.ActiveCfg = Debug|Any CPU
		{2D15635D-AFFC-4091-9D88-921E589D42C5}.Debug|Any CPU.Build.0 = Debug|Any CPU
		{2D15635D-AFFC-4091-9D88-921E589D42C5}.Release|Any CPU.ActiveCfg = Release|Any CPU
		{2D15635D-AFFC-4091-9D88-921E589D42C5}.Release|Any CPU.Build.0 = Release|Any CPU
		{D61E0928-B409-441D-B722-C8B0C0A737BC}.Debug|Any CPU.ActiveCfg = Debug|Any CPU
		{D61E0928-B409-441D-B722-C8B0C0A737BC}.Debug|Any CPU.Build.0 = Debug|Any CPU
		{D61E0928-B409-441D-B722-C8B0C0A737BC}.Release|Any CPU.ActiveCfg = Release|Any CPU
		{D61E0928-B409-441D-B722-C8B0C0A737BC}.Release|Any CPU.Build.0 = Release|Any CPU
		{48823B42-F413-4BAF-9CAB-B232B8C981A5}.Debug|Any CPU.ActiveCfg = Debug|Any CPU
		{48823B42-F413-4BAF-9CAB-B232B8C981A5}.Debug|Any CPU.Build.0 = Debug|Any CPU
		{48823B42-F413-4BAF-9CAB-B232B8C981A5}.Release|Any CPU.ActiveCfg = Release|Any CPU
		{48823B42-F413-4BAF-9CAB-B232B8C981A5}.Release|Any CPU.Build.0 = Release|Any CPU
		{716D8BBF-2DBE-4A76-B37C-9016838D5F17}.Debug|Any CPU.ActiveCfg = Debug|Any CPU
		{716D8BBF-2DBE-4A76-B37C-9016838D5F17}.Debug|Any CPU.Build.0 = Debug|Any CPU
		{716D8BBF-2DBE-4A76-B37C-9016838D5F17}.Release|Any CPU.ActiveCfg = Release|Any CPU
		{716D8BBF-2DBE-4A76-B37C-9016838D5F17}.Release|Any CPU.Build.0 = Release|Any CPU
		{B90BF304-1B12-4821-A363-66F3AB5B78A4}.Debug|Any CPU.ActiveCfg = Debug|Any CPU
		{B90BF304-1B12-4821-A363-66F3AB5B78A4}.Debug|Any CPU.Build.0 = Debug|Any CPU
		{B90BF304-1B12-4821-A363-66F3AB5B78A4}.Release|Any CPU.ActiveCfg = Release|Any CPU
		{B90BF304-1B12-4821-A363-66F3AB5B78A4}.Release|Any CPU.Build.0 = Release|Any CPU
		{91BE68DD-9222-44CA-A43E-79F54325B635}.Debug|Any CPU.ActiveCfg = Debug|Any CPU
		{91BE68DD-9222-44CA-A43E-79F54325B635}.Debug|Any CPU.Build.0 = Debug|Any CPU
		{91BE68DD-9222-44CA-A43E-79F54325B635}.Release|Any CPU.ActiveCfg = Release|Any CPU
		{91BE68DD-9222-44CA-A43E-79F54325B635}.Release|Any CPU.Build.0 = Release|Any CPU
		{4FF1F3CB-9FBE-41F4-8A25-0C9CB4A25C09}.Debug|Any CPU.ActiveCfg = Debug|Any CPU
		{4FF1F3CB-9FBE-41F4-8A25-0C9CB4A25C09}.Debug|Any CPU.Build.0 = Debug|Any CPU
		{4FF1F3CB-9FBE-41F4-8A25-0C9CB4A25C09}.Release|Any CPU.ActiveCfg = Release|Any CPU
		{4FF1F3CB-9FBE-41F4-8A25-0C9CB4A25C09}.Release|Any CPU.Build.0 = Release|Any CPU
	EndGlobalSection
	GlobalSection(SolutionProperties) = preSolution
		HideSolutionNode = FALSE
	EndGlobalSection
	GlobalSection(NestedProjects) = preSolution
		{6FFC59BD-AB2F-4549-AD6D-927B44CE3159} = {33F48B26-638D-4277-AC1C-238FCAE942D9}
		{73260FF9-B49A-4F9C-973D-23A860AE1A80} = {54C66DA6-E87B-464E-A442-C7775569AFF1}
		{3BE9553D-FEB2-45B9-99ED-203A31743C16} = {BCE96111-5930-4C1D-91D4-F2C3BDFD31DE}
		{41B1BBDD-AE21-4D4B-9612-66F56F5BC760} = {2D0FCC3D-81F4-4053-BDE5-DD5F1007A350}
		{18A58757-5CA9-4256-9AD9-76AD79F11717} = {02312758-AFF8-4503-834F-9E676D29CB07}
		{2D15635D-AFFC-4091-9D88-921E589D42C5} = {BCA60B39-E516-43FD-AE76-4637F835F690}
		{D61E0928-B409-441D-B722-C8B0C0A737BC} = {D11DA594-8888-4A89-8D5F-F103374735A7}
		{48823B42-F413-4BAF-9CAB-B232B8C981A5} = {5CDC30F0-CF56-46A1-8F7F-7BD7BA43E819}
		{716D8BBF-2DBE-4A76-B37C-9016838D5F17} = {D1B70A76-C2DD-4DA5-89F2-6358B3151D10}
		{B90BF304-1B12-4821-A363-66F3AB5B78A4} = {4547651F-783E-4FC9-BEA3-7AE4E0EB1F46}
		{91BE68DD-9222-44CA-A43E-79F54325B635} = {FCCC151A-8A19-46F1-B54F-242EC0050DF5}
	EndGlobalSection
	GlobalSection(ExtensibilityGlobals) = postSolution
		SolutionGuid = {5A046E6D-ED6D-4E67-AD87-E75D02D1F3C9}
	EndGlobalSection
EndGlobal
